
Microsoft Visual Studio Solution File, Format Version 12.00
# Visual Studio 15
VisualStudioVersion = 15.0.28307.489
MinimumVisualStudioVersion = 10.0.40219.1
Project("{FAE04EC0-301F-11D3-BF4B-00C04F79EFBC}") = "StudentExercisesPt5", "StudentExercisesPt5\StudentExercisesPt5.csproj", "{41887636-D046-4B3F-B0DB-FFCBCFF00C3B}"
EndProject
Global
	GlobalSection(SolutionConfigurationPlatforms) = preSolution
		Debug|Any CPU = Debug|Any CPU
		Release|Any CPU = Release|Any CPU
	EndGlobalSection
	GlobalSection(ProjectConfigurationPlatforms) = postSolution
		{41887636-D046-4B3F-B0DB-FFCBCFF00C3B}.Debug|Any CPU.ActiveCfg = Debug|Any CPU
		{41887636-D046-4B3F-B0DB-FFCBCFF00C3B}.Debug|Any CPU.Build.0 = Debug|Any CPU
		{41887636-D046-4B3F-B0DB-FFCBCFF00C3B}.Release|Any CPU.ActiveCfg = Release|Any CPU
		{41887636-D046-4B3F-B0DB-FFCBCFF00C3B}.Release|Any CPU.Build.0 = Release|Any CPU
	EndGlobalSection
	GlobalSection(SolutionProperties) = preSolution
		HideSolutionNode = FALSE
	EndGlobalSection
	GlobalSection(ExtensibilityGlobals) = postSolution
		SolutionGuid = {ED5C162A-B05B-4CD9-9009-7ABE0478CD2B}
	EndGlobalSection
EndGlobal
